// !$*UTF8*$!
{
	archiveVersion = 1;
	classes = {
	};
	objectVersion = 50;
	objects = {

/* Begin PBXBuildFile section */
		A26DCFEB25C620A200F668E5 /* AppDelegate.swift in Sources */ = {isa = PBXBuildFile; fileRef = A26DCFEA25C620A200F668E5 /* AppDelegate.swift */; };
		A26DCFED25C620A200F668E5 /* SceneDelegate.swift in Sources */ = {isa = PBXBuildFile; fileRef = A26DCFEC25C620A200F668E5 /* SceneDelegate.swift */; };
		A26DCFEF25C620A200F668E5 /* ContentView.swift in Sources */ = {isa = PBXBuildFile; fileRef = A26DCFEE25C620A200F668E5 /* ContentView.swift */; };
		A26DCFF125C620A400F668E5 /* Assets.xcassets in Resources */ = {isa = PBXBuildFile; fileRef = A26DCFF025C620A400F668E5 /* Assets.xcassets */; };
		A26DCFF425C620A400F668E5 /* Preview Assets.xcassets in Resources */ = {isa = PBXBuildFile; fileRef = A26DCFF325C620A400F668E5 /* Preview Assets.xcassets */; };
		A26DCFF725C620A400F668E5 /* LaunchScreen.storyboard in Resources */ = {isa = PBXBuildFile; fileRef = A26DCFF525C620A400F668E5 /* LaunchScreen.storyboard */; };
		A26DD00325C620CF00F668E5 /* User.swift in Sources */ = {isa = PBXBuildFile; fileRef = A26DD00225C620CF00F668E5 /* User.swift */; };
		A26DD00625C620DB00F668E5 /* FetchUsers.swift in Sources */ = {isa = PBXBuildFile; fileRef = A26DD00525C620DB00F668E5 /* FetchUsers.swift */; };
		A26DD00E25C626A600F668E5 /* CardView.swift in Sources */ = {isa = PBXBuildFile; fileRef = A26DD00D25C626A600F668E5 /* CardView.swift */; };
		A26DD01125C637CD00F668E5 /* UserView.swift in Sources */ = {isa = PBXBuildFile; fileRef = A26DD01025C637CD00F668E5 /* UserView.swift */; };
/* End PBXBuildFile section */

/* Begin PBXFileReference section */
		A26DCFE725C620A200F668E5 /* MVVM.app */ = {isa = PBXFileReference; explicitFileType = wrapper.application; includeInIndex = 0; path = MVVM.app; sourceTree = BUILT_PRODUCTS_DIR; };
		A26DCFEA25C620A200F668E5 /* AppDelegate.swift */ = {isa = PBXFileReference; lastKnownFileType = sourcecode.swift; path = AppDelegate.swift; sourceTree = "<group>"; };
		A26DCFEC25C620A200F668E5 /* SceneDelegate.swift */ = {isa = PBXFileReference; lastKnownFileType = sourcecode.swift; path = SceneDelegate.swift; sourceTree = "<group>"; };
		A26DCFEE25C620A200F668E5 /* ContentView.swift */ = {isa = PBXFileReference; lastKnownFileType = sourcecode.swift; path = ContentView.swift; sourceTree = "<group>"; };
		A26DCFF025C620A400F668E5 /* Assets.xcassets */ = {isa = PBXFileReference; lastKnownFileType = folder.assetcatalog; path = Assets.xcassets; sourceTree = "<group>"; };
		A26DCFF325C620A400F668E5 /* Preview Assets.xcassets */ = {isa = PBXFileReference; lastKnownFileType = folder.assetcatalog; path = "Preview Assets.xcassets"; sourceTree = "<group>"; };
		A26DCFF625C620A400F668E5 /* Base */ = {isa = PBXFileReference; lastKnownFileType = file.storyboard; name = Base; path = Base.lproj/LaunchScreen.storyboard; sourceTree = "<group>"; };
		A26DCFF825C620A400F668E5 /* Info.plist */ = {isa = PBXFileReference; lastKnownFileType = text.plist.xml; path = Info.plist; sourceTree = "<group>"; };
		A26DD00225C620CF00F668E5 /* User.swift */ = {isa = PBXFileReference; fileEncoding = 4; lastKnownFileType = sourcecode.swift; path = User.swift; sourceTree = "<group>"; };
		A26DD00525C620DB00F668E5 /* FetchUsers.swift */ = {isa = PBXFileReference; fileEncoding = 4; lastKnownFileType = sourcecode.swift; path = FetchUsers.swift; sourceTree = "<group>"; };
		A26DD00D25C626A600F668E5 /* CardView.swift */ = {isa = PBXFileReference; lastKnownFileType = sourcecode.swift; path = CardView.swift; sourceTree = "<group>"; };
		A26DD01025C637CD00F668E5 /* UserView.swift */ = {isa = PBXFileReference; lastKnownFileType = sourcecode.swift; path = UserView.swift; sourceTree = "<group>"; };
/* End PBXFileReference section */

/* Begin PBXFrameworksBuildPhase section */
		A26DCFE425C620A200F668E5 /* Frameworks */ = {
			isa = PBXFrameworksBuildPhase;
			buildActionMask = 2147483647;
			files = (
			);
			runOnlyForDeploymentPostprocessing = 0;
		};
/* End PBXFrameworksBuildPhase section */

/* Begin PBXGroup section */
		A26DCFDE25C620A200F668E5 = {
			isa = PBXGroup;
			children = (
				A26DCFE925C620A200F668E5 /* MVVM */,
				A26DCFE825C620A200F668E5 /* Products */,
			);
			sourceTree = "<group>";
		};
		A26DCFE825C620A200F668E5 /* Products */ = {
			isa = PBXGroup;
			children = (
				A26DCFE725C620A200F668E5 /* MVVM.app */,
			);
			name = Products;
			sourceTree = "<group>";
		};
		A26DCFE925C620A200F668E5 /* MVVM */ = {
			isa = PBXGroup;
			children = (
				A26DD00125C620C000F668E5 /* ViewModel */,
				A26DD00025C620BB00F668E5 /* View */,
				A26DCFFF25C620B200F668E5 /* Model */,
				A26DCFEA25C620A200F668E5 /* AppDelegate.swift */,
				A26DCFEC25C620A200F668E5 /* SceneDelegate.swift */,
				A26DCFF025C620A400F668E5 /* Assets.xcassets */,
				A26DCFF525C620A400F668E5 /* LaunchScreen.storyboard */,
				A26DCFF825C620A400F668E5 /* Info.plist */,
				A26DCFF225C620A400F668E5 /* Preview Content */,
			);
			path = MVVM;
			sourceTree = "<group>";
		};
		A26DCFF225C620A400F668E5 /* Preview Content */ = {
			isa = PBXGroup;
			children = (
				A26DCFF325C620A400F668E5 /* Preview Assets.xcassets */,
			);
			path = "Preview Content";
			sourceTree = "<group>";
		};
		A26DCFFF25C620B200F668E5 /* Model */ = {
			isa = PBXGroup;
			children = (
				A26DD00225C620CF00F668E5 /* User.swift */,
			);
			path = Model;
			sourceTree = "<group>";
		};
		A26DD00025C620BB00F668E5 /* View */ = {
			isa = PBXGroup;
			children = (
				A26DCFEE25C620A200F668E5 /* ContentView.swift */,
				A26DD00D25C626A600F668E5 /* CardView.swift */,
				A26DD01025C637CD00F668E5 /* UserView.swift */,
			);
			path = View;
			sourceTree = "<group>";
		};
		A26DD00125C620C000F668E5 /* ViewModel */ = {
			isa = PBXGroup;
			children = (
				A26DD00525C620DB00F668E5 /* FetchUsers.swift */,
			);
			path = ViewModel;
			sourceTree = "<group>";
		};
/* End PBXGroup section */

/* Begin PBXNativeTarget section */
		A26DCFE625C620A200F668E5 /* MVVM */ = {
			isa = PBXNativeTarget;
			buildConfigurationList = A26DCFFB25C620A400F668E5 /* Build configuration list for PBXNativeTarget "MVVM" */;
			buildPhases = (
				A26DCFE325C620A200F668E5 /* Sources */,
				A26DCFE425C620A200F668E5 /* Frameworks */,
				A26DCFE525C620A200F668E5 /* Resources */,
			);
			buildRules = (
			);
			dependencies = (
			);
			name = MVVM;
			productName = MVVM;
			productReference = A26DCFE725C620A200F668E5 /* MVVM.app */;
			productType = "com.apple.product-type.application";
		};
/* End PBXNativeTarget section */

/* Begin PBXProject section */
		A26DCFDF25C620A200F668E5 /* Project object */ = {
			isa = PBXProject;
			attributes = {
				LastSwiftUpdateCheck = 1240;
				LastUpgradeCheck = 1240;
				TargetAttributes = {
					A26DCFE625C620A200F668E5 = {
						CreatedOnToolsVersion = 12.4;
					};
				};
			};
			buildConfigurationList = A26DCFE225C620A200F668E5 /* Build configuration list for PBXProject "MVVM" */;
			compatibilityVersion = "Xcode 9.3";
			developmentRegion = en;
			hasScannedForEncodings = 0;
			knownRegions = (
				en,
				Base,
			);
			mainGroup = A26DCFDE25C620A200F668E5;
			productRefGroup = A26DCFE825C620A200F668E5 /* Products */;
			projectDirPath = "";
			projectRoot = "";
			targets = (
				A26DCFE625C620A200F668E5 /* MVVM */,
			);
		};
/* End PBXProject section */

/* Begin PBXResourcesBuildPhase section */
		A26DCFE525C620A200F668E5 /* Resources */ = {
			isa = PBXResourcesBuildPhase;
			buildActionMask = 2147483647;
			files = (
				A26DCFF725C620A400F668E5 /* LaunchScreen.storyboard in Resources */,
				A26DCFF425C620A400F668E5 /* Preview Assets.xcassets in Resources */,
				A26DCFF125C620A400F668E5 /* Assets.xcassets in Resources */,
			);
			runOnlyForDeploymentPostprocessing = 0;
		};
/* End PBXResourcesBuildPhase section */

/* Begin PBXSourcesBuildPhase section */
		A26DCFE325C620A200F668E5 /* Sources */ = {
			isa = PBXSourcesBuildPhase;
			buildActionMask = 2147483647;
			files = (
				A26DD00E25C626A600F668E5 /* CardView.swift in Sources */,
				A26DD00325C620CF00F668E5 /* User.swift in Sources */,
				A26DCFEB25C620A200F668E5 /* AppDelegate.swift in Sources */,
				A26DD01125C637CD00F668E5 /* UserView.swift in Sources */,
				A26DD00625C620DB00F668E5 /* FetchUsers.swift in Sources */,
				A26DCFED25C620A200F668E5 /* SceneDelegate.swift in Sources */,
				A26DCFEF25C620A200F668E5 /* ContentView.swift in Sources */,
			);
			runOnlyForDeploymentPostprocessing = 0;
		};
/* End PBXSourcesBuildPhase section */

/* Begin PBXVariantGroup section */
		A26DCFF525C620A400F668E5 /* LaunchScreen.storyboard */ = {
			isa = PBXVariantGroup;
			children = (
				A26DCFF625C620A400F668E5 /* Base */,
			);
			name = LaunchScreen.storyboard;
			sourceTree = "<group>";
		};
/* End PBXVariantGroup section */

/* Begin XCBuildConfiguration section */
		A26DCFF925C620A400F668E5 /* Debug */ = {
			isa = XCBuildConfiguration;
			buildSettings = {
				ALWAYS_SEARCH_USER_PATHS = NO;
				CLANG_ANALYZER_NONNULL = YES;
				CLANG_ANALYZER_NUMBER_OBJECT_CONVERSION = YES_AGGRESSIVE;
				CLANG_CXX_LANGUAGE_STANDARD = "gnu++14";
				CLANG_CXX_LIBRARY = "libc++";
				CLANG_ENABLE_MODULES = YES;
				CLANG_ENABLE_OBJC_ARC = YES;
				CLANG_ENABLE_OBJC_WEAK = YES;
				CLANG_WARN_BLOCK_CAPTURE_AUTORELEASING = YES;
				CLANG_WARN_BOOL_CONVERSION = YES;
				CLANG_WARN_COMMA = YES;
				CLANG_WARN_CONSTANT_CONVERSION = YES;
				CLANG_WARN_DEPRECATED_OBJC_IMPLEMENTATIONS = YES;
				CLANG_WARN_DIRECT_OBJC_ISA_USAGE = YES_ERROR;
				CLANG_WARN_DOCUMENTATION_COMMENTS = YES;
				CLANG_WARN_EMPTY_BODY = YES;
				CLANG_WARN_ENUM_CONVERSION = YES;
				CLANG_WARN_INFINITE_RECURSION = YES;
				CLANG_WARN_INT_CONVERSION = YES;
				CLANG_WARN_NON_LITERAL_NULL_CONVERSION = YES;
				CLANG_WARN_OBJC_IMPLICIT_RETAIN_SELF = YES;
				CLANG_WARN_OBJC_LITERAL_CONVERSION = YES;
				CLANG_WARN_OBJC_ROOT_CLASS = YES_ERROR;
				CLANG_WARN_QUOTED_INCLUDE_IN_FRAMEWORK_HEADER = YES;
				CLANG_WARN_RANGE_LOOP_ANALYSIS = YES;
				CLANG_WARN_STRICT_PROTOTYPES = YES;
				CLANG_WARN_SUSPICIOUS_MOVE = YES;
				CLANG_WARN_UNGUARDED_AVAILABILITY = YES_AGGRESSIVE;
				CLANG_WARN_UNREACHABLE_CODE = YES;
				CLANG_WARN__DUPLICATE_METHOD_MATCH = YES;
				COPY_PHASE_STRIP = NO;
				DEBUG_INFORMATION_FORMAT = dwarf;
				ENABLE_STRICT_OBJC_MSGSEND = YES;
				ENABLE_TESTABILITY = YES;
				GCC_C_LANGUAGE_STANDARD = gnu11;
				GCC_DYNAMIC_NO_PIC = NO;
				GCC_NO_COMMON_BLOCKS = YES;
				GCC_OPTIMIZATION_LEVEL = 0;
				GCC_PREPROCESSOR_DEFINITIONS = (
					"DEBUG=1",
					"$(inherited)",
				);
				GCC_WARN_64_TO_32_BIT_CONVERSION = YES;
				GCC_WARN_ABOUT_RETURN_TYPE = YES_ERROR;
				GCC_WARN_UNDECLARED_SELECTOR = YES;
				GCC_WARN_UNINITIALIZED_AUTOS = YES_AGGRESSIVE;
				GCC_WARN_UNUSED_FUNCTION = YES;
				GCC_WARN_UNUSED_VARIABLE = YES;
				IPHONEOS_DEPLOYMENT_TARGET = 14.4;
				MTL_ENABLE_DEBUG_INFO = INCLUDE_SOURCE;
				MTL_FAST_MATH = YES;
				ONLY_ACTIVE_ARCH = YES;
				SDKROOT = iphoneos;
				SWIFT_ACTIVE_COMPILATION_CONDITIONS = DEBUG;
				SWIFT_OPTIMIZATION_LEVEL = "-Onone";
			};
			name = Debug;
		};
		A26DCFFA25C620A400F668E5 /* Release */ = {
			isa = XCBuildConfiguration;
			buildSettings = {
				ALWAYS_SEARCH_USER_PATHS = NO;
				CLANG_ANALYZER_NONNULL = YES;
				CLANG_ANALYZER_NUMBER_OBJECT_CONVERSION = YES_AGGRESSIVE;
				CLANG_CXX_LANGUAGE_STANDARD = "gnu++14";
				CLANG_CXX_LIBRARY = "libc++";
				CLANG_ENABLE_MODULES = YES;
				CLANG_ENABLE_OBJC_ARC = YES;
				CLANG_ENABLE_OBJC_WEAK = YES;
				CLANG_WARN_BLOCK_CAPTURE_AUTORELEASING = YES;
				CLANG_WARN_BOOL_CONVERSION = YES;
				CLANG_WARN_COMMA = YES;
				CLANG_WARN_CONSTANT_CONVERSION = YES;
				CLANG_WARN_DEPRECATED_OBJC_IMPLEMENTATIONS = YES;
				CLANG_WARN_DIRECT_OBJC_ISA_USAGE = YES_ERROR;
				CLANG_WARN_DOCUMENTATION_COMMENTS = YES;
				CLANG_WARN_EMPTY_BODY = YES;
				CLANG_WARN_ENUM_CONVERSION = YES;
				CLANG_WARN_INFINITE_RECURSION = YES;
				CLANG_WARN_INT_CONVERSION = YES;
				CLANG_WARN_NON_LITERAL_NULL_CONVERSION = YES;
				CLANG_WARN_OBJC_IMPLICIT_RETAIN_SELF = YES;
				CLANG_WARN_OBJC_LITERAL_CONVERSION = YES;
				CLANG_WARN_OBJC_ROOT_CLASS = YES_ERROR;
				CLANG_WARN_QUOTED_INCLUDE_IN_FRAMEWORK_HEADER = YES;
				CLANG_WARN_RANGE_LOOP_ANALYSIS = YES;
				CLANG_WARN_STRICT_PROTOTYPES = YES;
				CLANG_WARN_SUSPICIOUS_MOVE = YES;
				CLANG_WARN_UNGUARDED_AVAILABILITY = YES_AGGRESSIVE;
				CLANG_WARN_UNREACHABLE_CODE = YES;
				CLANG_WARN__DUPLICATE_METHOD_MATCH = YES;
				COPY_PHASE_STRIP = NO;
				DEBUG_INFORMATION_FORMAT = "dwarf-with-dsym";
				ENABLE_NS_ASSERTIONS = NO;
				ENABLE_STRICT_OBJC_MSGSEND = YES;
				GCC_C_LANGUAGE_STANDARD = gnu11;
				GCC_NO_COMMON_BLOCKS = YES;
				GCC_WARN_64_TO_32_BIT_CONVERSION = YES;
				GCC_WARN_ABOUT_RETURN_TYPE = YES_ERROR;
				GCC_WARN_UNDECLARED_SELECTOR = YES;
				GCC_WARN_UNINITIALIZED_AUTOS = YES_AGGRESSIVE;
				GCC_WARN_UNUSED_FUNCTION = YES;
				GCC_WARN_UNUSED_VARIABLE = YES;
				IPHONEOS_DEPLOYMENT_TARGET = 14.4;
				MTL_ENABLE_DEBUG_INFO = NO;
				MTL_FAST_MATH = YES;
				SDKROOT = iphoneos;
				SWIFT_COMPILATION_MODE = wholemodule;
				SWIFT_OPTIMIZATION_LEVEL = "-O";
				VALIDATE_PRODUCT = YES;
			};
			name = Release;
		};
		A26DCFFC25C620A400F668E5 /* Debug */ = {
			isa = XCBuildConfiguration;
			buildSettings = {
				ASSETCATALOG_COMPILER_APPICON_NAME = AppIcon;
				ASSETCATALOG_COMPILER_GLOBAL_ACCENT_COLOR_NAME = AccentColor;
				CODE_SIGN_STYLE = Automatic;
				DEVELOPMENT_ASSET_PATHS = "\"MVVM/Preview Content\"";
				DEVELOPMENT_TEAM = FTAKQJ3877;
				ENABLE_PREVIEWS = YES;
				INFOPLIST_FILE = MVVM/Info.plist;
				LD_RUNPATH_SEARCH_PATHS = (
					"$(inherited)",
					"@executable_path/Frameworks",
				);
				PRODUCT_BUNDLE_IDENTIFIER = com.aplicacionesMiguel.MVVM;
				PRODUCT_NAME = "$(TARGET_NAME)";
				SWIFT_VERSION = 5.0;
				TARGETED_DEVICE_FAMILY = 1;
			};
			name = Debug;
		};
		A26DCFFD25C620A400F668E5 /* Release */ = {
			isa = XCBuildConfiguration;
			buildSettings = {
				ASSETCATALOG_COMPILER_APPICON_NAME = AppIcon;
				ASSETCATALOG_COMPILER_GLOBAL_ACCENT_COLOR_NAME = AccentColor;
				CODE_SIGN_STYLE = Automatic;
				DEVELOPMENT_ASSET_PATHS = "\"MVVM/Preview Content\"";
				DEVELOPMENT_TEAM = FTAKQJ3877;
				ENABLE_PREVIEWS = YES;
				INFOPLIST_FILE = MVVM/Info.plist;
				LD_RUNPATH_SEARCH_PATHS = (
					"$(inherited)",
					"@executable_path/Frameworks",
				);
				PRODUCT_BUNDLE_IDENTIFIER = com.aplicacionesMiguel.MVVM;
				PRODUCT_NAME = "$(TARGET_NAME)";
				SWIFT_VERSION = 5.0;
				TARGETED_DEVICE_FAMILY = 1;
			};
			name = Release;
		};
/* End XCBuildConfiguration section */

/* Begin XCConfigurationList section */
		A26DCFE225C620A200F668E5 /* Build configuration list for PBXProject "MVVM" */ = {
			isa = XCConfigurationList;
			buildConfigurations = (
				A26DCFF925C620A400F668E5 /* Debug */,
				A26DCFFA25C620A400F668E5 /* Release */,
			);
			defaultConfigurationIsVisible = 0;
			defaultConfigurationName = Release;
		};
		A26DCFFB25C620A400F668E5 /* Build configuration list for PBXNativeTarget "MVVM" */ = {
			isa = XCConfigurationList;
			buildConfigurations = (
				A26DCFFC25C620A400F668E5 /* Debug */,
				A26DCFFD25C620A400F668E5 /* Release */,
			);
			defaultConfigurationIsVisible = 0;
			defaultConfigurationName = Release;
		};
/* End XCConfigurationList section */
	};
	rootObject = A26DCFDF25C620A200F668E5 /* Project object */;
}
